// !$*UTF8*$!
{
	archiveVersion = 1;
	classes = {
	};
	objectVersion = 46;
	objects = {

/* Begin PBXBuildFile section */
		CE3C15131EA2A0FB005EB78C /* Assets.xcassets in Resources */ = {isa = PBXBuildFile; fileRef = CE3C15121EA2A0FB005EB78C /* Assets.xcassets */; };
		CE3C151A1EA2A0FB005EB78C /* MessagesExtension.appex in Embed App Extensions */ = {isa = PBXBuildFile; fileRef = CE3C15191EA2A0FB005EB78C /* MessagesExtension.appex */; settings = {ATTRIBUTES = (RemoveHeadersOnCopy, ); }; };
		CE3C151F1EA2A0FB005EB78C /* Messages.framework in Frameworks */ = {isa = PBXBuildFile; fileRef = CE3C151E1EA2A0FB005EB78C /* Messages.framework */; };
		CE3C15221EA2A0FB005EB78C /* MessagesViewController.swift in Sources */ = {isa = PBXBuildFile; fileRef = CE3C15211EA2A0FB005EB78C /* MessagesViewController.swift */; };
		CE3C15251EA2A0FB005EB78C /* MainInterface.storyboard in Resources */ = {isa = PBXBuildFile; fileRef = CE3C15231EA2A0FB005EB78C /* MainInterface.storyboard */; };
		CE3C15271EA2A0FB005EB78C /* Assets.xcassets in Resources */ = {isa = PBXBuildFile; fileRef = CE3C15261EA2A0FB005EB78C /* Assets.xcassets */; };
/* End PBXBuildFile section */

/* Begin PBXContainerItemProxy section */
		CE3C151B1EA2A0FB005EB78C /* PBXContainerItemProxy */ = {
			isa = PBXContainerItemProxy;
			containerPortal = CE3C15091EA2A0FB005EB78C /* Project object */;
			proxyType = 1;
			remoteGlobalIDString = CE3C15181EA2A0FB005EB78C;
			remoteInfo = MessagesExtension;
		};
/* End PBXContainerItemProxy section */

/* Begin PBXCopyFilesBuildPhase section */
		CE3C152E1EA2A0FB005EB78C /* Embed App Extensions */ = {
			isa = PBXCopyFilesBuildPhase;
			buildActionMask = 2147483647;
			dstPath = "";
			dstSubfolderSpec = 13;
			files = (
				CE3C151A1EA2A0FB005EB78C /* MessagesExtension.appex in Embed App Extensions */,
			);
			name = "Embed App Extensions";
			runOnlyForDeploymentPostprocessing = 0;
		};
/* End PBXCopyFilesBuildPhase section */

/* Begin PBXFileReference section */
		CE3C150F1EA2A0FB005EB78C /* messagApp.app */ = {isa = PBXFileReference; explicitFileType = wrapper.application; includeInIndex = 0; path = messagApp.app; sourceTree = BUILT_PRODUCTS_DIR; };
		CE3C15121EA2A0FB005EB78C /* Assets.xcassets */ = {isa = PBXFileReference; lastKnownFileType = folder.assetcatalog; path = Assets.xcassets; sourceTree = "<group>"; };
		CE3C15141EA2A0FB005EB78C /* Info.plist */ = {isa = PBXFileReference; lastKnownFileType = text.plist.xml; path = Info.plist; sourceTree = "<group>"; };
		CE3C15191EA2A0FB005EB78C /* MessagesExtension.appex */ = {isa = PBXFileReference; explicitFileType = "wrapper.app-extension"; includeInIndex = 0; path = MessagesExtension.appex; sourceTree = BUILT_PRODUCTS_DIR; };
		CE3C151E1EA2A0FB005EB78C /* Messages.framework */ = {isa = PBXFileReference; lastKnownFileType = wrapper.framework; name = Messages.framework; path = System/Library/Frameworks/Messages.framework; sourceTree = SDKROOT; };
		CE3C15211EA2A0FB005EB78C /* MessagesViewController.swift */ = {isa = PBXFileReference; lastKnownFileType = sourcecode.swift; path = MessagesViewController.swift; sourceTree = "<group>"; };
		CE3C15241EA2A0FB005EB78C /* Base */ = {isa = PBXFileReference; lastKnownFileType = file.storyboard; name = Base; path = Base.lproj/MainInterface.storyboard; sourceTree = "<group>"; };
		CE3C15261EA2A0FB005EB78C /* Assets.xcassets */ = {isa = PBXFileReference; lastKnownFileType = folder.assetcatalog; path = Assets.xcassets; sourceTree = "<group>"; };
		CE3C15281EA2A0FB005EB78C /* Info.plist */ = {isa = PBXFileReference; lastKnownFileType = text.plist.xml; path = Info.plist; sourceTree = "<group>"; };
/* End PBXFileReference section */

/* Begin PBXFrameworksBuildPhase section */
		CE3C15161EA2A0FB005EB78C /* Frameworks */ = {
			isa = PBXFrameworksBuildPhase;
			buildActionMask = 2147483647;
			files = (
				CE3C151F1EA2A0FB005EB78C /* Messages.framework in Frameworks */,
			);
			runOnlyForDeploymentPostprocessing = 0;
		};
/* End PBXFrameworksBuildPhase section */

/* Begin PBXGroup section */
		CE3C15081EA2A0FB005EB78C = {
			isa = PBXGroup;
			children = (
				CE3C15111EA2A0FB005EB78C /* messagApp */,
				CE3C15201EA2A0FB005EB78C /* MessagesExtension */,
				CE3C151D1EA2A0FB005EB78C /* Frameworks */,
				CE3C15101EA2A0FB005EB78C /* Products */,
			);
			sourceTree = "<group>";
		};
		CE3C15101EA2A0FB005EB78C /* Products */ = {
			isa = PBXGroup;
			children = (
				CE3C150F1EA2A0FB005EB78C /* messagApp.app */,
				CE3C15191EA2A0FB005EB78C /* MessagesExtension.appex */,
			);
			name = Products;
			sourceTree = "<group>";
		};
		CE3C15111EA2A0FB005EB78C /* messagApp */ = {
			isa = PBXGroup;
			children = (
				CE3C15121EA2A0FB005EB78C /* Assets.xcassets */,
				CE3C15141EA2A0FB005EB78C /* Info.plist */,
			);
			path = messagApp;
			sourceTree = "<group>";
		};
		CE3C151D1EA2A0FB005EB78C /* Frameworks */ = {
			isa = PBXGroup;
			children = (
				CE3C151E1EA2A0FB005EB78C /* Messages.framework */,
			);
			name = Frameworks;
			sourceTree = "<group>";
		};
		CE3C15201EA2A0FB005EB78C /* MessagesExtension */ = {
			isa = PBXGroup;
			children = (
				CE3C15211EA2A0FB005EB78C /* MessagesViewController.swift */,
				CE3C15231EA2A0FB005EB78C /* MainInterface.storyboard */,
				CE3C15261EA2A0FB005EB78C /* Assets.xcassets */,
				CE3C15281EA2A0FB005EB78C /* Info.plist */,
			);
			path = MessagesExtension;
			sourceTree = "<group>";
		};
/* End PBXGroup section */

/* Begin PBXNativeTarget section */
		CE3C150E1EA2A0FB005EB78C /* messagApp */ = {
			isa = PBXNativeTarget;
			buildConfigurationList = CE3C152F1EA2A0FB005EB78C /* Build configuration list for PBXNativeTarget "messagApp" */;
			buildPhases = (
				CE3C150D1EA2A0FB005EB78C /* Resources */,
				CE3C152E1EA2A0FB005EB78C /* Embed App Extensions */,
			);
			buildRules = (
			);
			dependencies = (
				CE3C151C1EA2A0FB005EB78C /* PBXTargetDependency */,
			);
			name = messagApp;
			productName = messagApp;
			productReference = CE3C150F1EA2A0FB005EB78C /* messagApp.app */;
			productType = "com.apple.product-type.application.messages";
		};
		CE3C15181EA2A0FB005EB78C /* MessagesExtension */ = {
			isa = PBXNativeTarget;
			buildConfigurationList = CE3C152B1EA2A0FB005EB78C /* Build configuration list for PBXNativeTarget "MessagesExtension" */;
			buildPhases = (
				CE3C15151EA2A0FB005EB78C /* Sources */,
				CE3C15161EA2A0FB005EB78C /* Frameworks */,
				CE3C15171EA2A0FB005EB78C /* Resources */,
			);
			buildRules = (
			);
			dependencies = (
			);
			name = MessagesExtension;
			productName = MessagesExtension;
			productReference = CE3C15191EA2A0FB005EB78C /* MessagesExtension.appex */;
			productType = "com.apple.product-type.app-extension.messages";
		};
/* End PBXNativeTarget section */

/* Begin PBXProject section */
		CE3C15091EA2A0FB005EB78C /* Project object */ = {
			isa = PBXProject;
			attributes = {
				LastSwiftUpdateCheck = 0830;
				LastUpgradeCheck = 0830;
				ORGANIZATIONNAME = "Jiashan Wu";
				TargetAttributes = {
					CE3C150E1EA2A0FB005EB78C = {
						CreatedOnToolsVersion = 8.3;
						DevelopmentTeam = RJ2UMUAV3A;
						ProvisioningStyle = Automatic;
					};
					CE3C15181EA2A0FB005EB78C = {
						CreatedOnToolsVersion = 8.3;
						DevelopmentTeam = RJ2UMUAV3A;
						ProvisioningStyle = Automatic;
					};
				};
			};
			buildConfigurationList = CE3C150C1EA2A0FB005EB78C /* Build configuration list for PBXProject "messagApp" */;
			compatibilityVersion = "Xcode 3.2";
			developmentRegion = English;
			hasScannedForEncodings = 0;
			knownRegions = (
				en,
				Base,
			);
			mainGroup = CE3C15081EA2A0FB005EB78C;
			productRefGroup = CE3C15101EA2A0FB005EB78C /* Products */;
			projectDirPath = "";
			projectRoot = "";
			targets = (
				CE3C150E1EA2A0FB005EB78C /* messagApp */,
				CE3C15181EA2A0FB005EB78C /* MessagesExtension */,
			);
		};
/* End PBXProject section */

/* Begin PBXResourcesBuildPhase section */
		CE3C150D1EA2A0FB005EB78C /* Resources */ = {
			isa = PBXResourcesBuildPhase;
			buildActionMask = 2147483647;
			files = (
				CE3C15131EA2A0FB005EB78C /* Assets.xcassets in Resources */,
			);
			runOnlyForDeploymentPostprocessing = 0;
		};
		CE3C15171EA2A0FB005EB78C /* Resources */ = {
			isa = PBXResourcesBuildPhase;
			buildActionMask = 2147483647;
			files = (
				CE3C15271EA2A0FB005EB78C /* Assets.xcassets in Resources */,
				CE3C15251EA2A0FB005EB78C /* MainInterface.storyboard in Resources */,
			);
			runOnlyForDeploymentPostprocessing = 0;
		};
/* End PBXResourcesBuildPhase section */

/* Begin PBXSourcesBuildPhase section */
		CE3C15151EA2A0FB005EB78C /* Sources */ = {
			isa = PBXSourcesBuildPhase;
			buildActionMask = 2147483647;
			files = (
				CE3C15221EA2A0FB005EB78C /* MessagesViewController.swift in Sources */,
			);
			runOnlyForDeploymentPostprocessing = 0;
		};
/* End PBXSourcesBuildPhase section */

/* Begin PBXTargetDependency section */
		CE3C151C1EA2A0FB005EB78C /* PBXTargetDependency */ = {
			isa = PBXTargetDependency;
			target = CE3C15181EA2A0FB005EB78C /* MessagesExtension */;
			targetProxy = CE3C151B1EA2A0FB005EB78C /* PBXContainerItemProxy */;
		};
/* End PBXTargetDependency section */

/* Begin PBXVariantGroup section */
		CE3C15231EA2A0FB005EB78C /* MainInterface.storyboard */ = {
			isa = PBXVariantGroup;
			children = (
				CE3C15241EA2A0FB005EB78C /* Base */,
			);
			name = MainInterface.storyboard;
			sourceTree = "<group>";
		};
/* End PBXVariantGroup section */

/* Begin XCBuildConfiguration section */
		CE3C15291EA2A0FB005EB78C /* Debug */ = {
			isa = XCBuildConfiguration;
			buildSettings = {
				ALWAYS_SEARCH_USER_PATHS = NO;
				CLANG_ANALYZER_NONNULL = YES;
				CLANG_ANALYZER_NUMBER_OBJECT_CONVERSION = YES_AGGRESSIVE;
				CLANG_CXX_LANGUAGE_STANDARD = "gnu++0x";
				CLANG_CXX_LIBRARY = "libc++";
				CLANG_ENABLE_MODULES = YES;
				CLANG_ENABLE_OBJC_ARC = YES;
				CLANG_WARN_BOOL_CONVERSION = YES;
				CLANG_WARN_CONSTANT_CONVERSION = YES;
				CLANG_WARN_DIRECT_OBJC_ISA_USAGE = YES_ERROR;
				CLANG_WARN_DOCUMENTATION_COMMENTS = YES;
				CLANG_WARN_EMPTY_BODY = YES;
				CLANG_WARN_ENUM_CONVERSION = YES;
				CLANG_WARN_INFINITE_RECURSION = YES;
				CLANG_WARN_INT_CONVERSION = YES;
				CLANG_WARN_OBJC_ROOT_CLASS = YES_ERROR;
				CLANG_WARN_SUSPICIOUS_MOVE = YES;
				CLANG_WARN_UNREACHABLE_CODE = YES;
				CLANG_WARN__DUPLICATE_METHOD_MATCH = YES;
				"CODE_SIGN_IDENTITY[sdk=iphoneos*]" = "iPhone Developer";
				COPY_PHASE_STRIP = NO;
				DEBUG_INFORMATION_FORMAT = dwarf;
				ENABLE_STRICT_OBJC_MSGSEND = YES;
				ENABLE_TESTABILITY = YES;
				GCC_C_LANGUAGE_STANDARD = gnu99;
				GCC_DYNAMIC_NO_PIC = NO;
				GCC_NO_COMMON_BLOCKS = YES;
				GCC_OPTIMIZATION_LEVEL = 0;
				GCC_PREPROCESSOR_DEFINITIONS = (
					"DEBUG=1",
					"$(inherited)",
				);
				GCC_WARN_64_TO_32_BIT_CONVERSION = YES;
				GCC_WARN_ABOUT_RETURN_TYPE = YES_ERROR;
				GCC_WARN_UNDECLARED_SELECTOR = YES;
				GCC_WARN_UNINITIALIZED_AUTOS = YES_AGGRESSIVE;
				GCC_WARN_UNUSED_FUNCTION = YES;
				GCC_WARN_UNUSED_VARIABLE = YES;
				IPHONEOS_DEPLOYMENT_TARGET = 10.3;
				MTL_ENABLE_DEBUG_INFO = YES;
				ONLY_ACTIVE_ARCH = YES;
				SDKROOT = iphoneos;
				SWIFT_ACTIVE_COMPILATION_CONDITIONS = DEBUG;
				SWIFT_OPTIMIZATION_LEVEL = "-Onone";
				TARGETED_DEVICE_FAMILY = "1,2";
			};
			name = Debug;
		};
		CE3C152A1EA2A0FB005EB78C /* Release */ = {
			isa = XCBuildConfiguration;
			buildSettings = {
				ALWAYS_SEARCH_USER_PATHS = NO;
				CLANG_ANALYZER_NONNULL = YES;
				CLANG_ANALYZER_NUMBER_OBJECT_CONVERSION = YES_AGGRESSIVE;
				CLANG_CXX_LANGUAGE_STANDARD = "gnu++0x";
				CLANG_CXX_LIBRARY = "libc++";
				CLANG_ENABLE_MODULES = YES;
				CLANG_ENABLE_OBJC_ARC = YES;
				CLANG_WARN_BOOL_CONVERSION = YES;
				CLANG_WARN_CONSTANT_CONVERSION = YES;
				CLANG_WARN_DIRECT_OBJC_ISA_USAGE = YES_ERROR;
				CLANG_WARN_DOCUMENTATION_COMMENTS = YES;
				CLANG_WARN_EMPTY_BODY = YES;
				CLANG_WARN_ENUM_CONVERSION = YES;
				CLANG_WARN_INFINITE_RECURSION = YES;
				CLANG_WARN_INT_CONVERSION = YES;
				CLANG_WARN_OBJC_ROOT_CLASS = YES_ERROR;
				CLANG_WARN_SUSPICIOUS_MOVE = YES;
				CLANG_WARN_UNREACHABLE_CODE = YES;
				CLANG_WARN__DUPLICATE_METHOD_MATCH = YES;
				"CODE_SIGN_IDENTITY[sdk=iphoneos*]" = "iPhone Developer";
				COPY_PHASE_STRIP = NO;
				DEBUG_INFORMATION_FORMAT = "dwarf-with-dsym";
				ENABLE_NS_ASSERTIONS = NO;
				ENABLE_STRICT_OBJC_MSGSEND = YES;
				GCC_C_LANGUAGE_STANDARD = gnu99;
				GCC_NO_COMMON_BLOCKS = YES;
				GCC_WARN_64_TO_32_BIT_CONVERSION = YES;
				GCC_WARN_ABOUT_RETURN_TYPE = YES_ERROR;
				GCC_WARN_UNDECLARED_SELECTOR = YES;
				GCC_WARN_UNINITIALIZED_AUTOS = YES_AGGRESSIVE;
				GCC_WARN_UNUSED_FUNCTION = YES;
				GCC_WARN_UNUSED_VARIABLE = YES;
				IPHONEOS_DEPLOYMENT_TARGET = 10.3;
				MTL_ENABLE_DEBUG_INFO = NO;
				SDKROOT = iphoneos;
				SWIFT_OPTIMIZATION_LEVEL = "-Owholemodule";
				TARGETED_DEVICE_FAMILY = "1,2";
				VALIDATE_PRODUCT = YES;
			};
			name = Release;
		};
		CE3C152C1EA2A0FB005EB78C /* Debug */ = {
			isa = XCBuildConfiguration;
			buildSettings = {
				ASSETCATALOG_COMPILER_APPICON_NAME = "iMessage App Icon";
				DEVELOPMENT_TEAM = RJ2UMUAV3A;
				INFOPLIST_FILE = MessagesExtension/Info.plist;
				LD_RUNPATH_SEARCH_PATHS = "$(inherited) @executable_path/Frameworks @executable_path/../../Frameworks";
				PRODUCT_BUNDLE_IDENTIFIER = com.fromjia.messagApp.MessagesExtension;
				PRODUCT_NAME = "$(TARGET_NAME)";
				SKIP_INSTALL = YES;
				SWIFT_VERSION = 3.0;
			};
			name = Debug;
		};
		CE3C152D1EA2A0FB005EB78C /* Release */ = {
			isa = XCBuildConfiguration;
			buildSettings = {
				ASSETCATALOG_COMPILER_APPICON_NAME = "iMessage App Icon";
				DEVELOPMENT_TEAM = RJ2UMUAV3A;
				INFOPLIST_FILE = MessagesExtension/Info.plist;
				LD_RUNPATH_SEARCH_PATHS = "$(inherited) @executable_path/Frameworks @executable_path/../../Frameworks";
				PRODUCT_BUNDLE_IDENTIFIER = com.fromjia.messagApp.MessagesExtension;
				PRODUCT_NAME = "$(TARGET_NAME)";
				SKIP_INSTALL = YES;
				SWIFT_VERSION = 3.0;
			};
			name = Release;
		};
		CE3C15301EA2A0FB005EB78C /* Debug */ = {
			isa = XCBuildConfiguration;
			buildSettings = {
				ALWAYS_EMBED_SWIFT_STANDARD_LIBRARIES = YES;
				ASSETCATALOG_COMPILER_APPICON_NAME = AppIcon;
				DEVELOPMENT_TEAM = RJ2UMUAV3A;
				INFOPLIST_FILE = messagApp/Info.plist;
				PRODUCT_BUNDLE_IDENTIFIER = com.fromjia.messagApp;
				PRODUCT_NAME = "$(TARGET_NAME)";
				SWIFT_VERSION = 3.0;
			};
			name = Debug;
		};
		CE3C15311EA2A0FB005EB78C /* Release */ = {
			isa = XCBuildConfiguration;
			buildSettings = {
				ALWAYS_EMBED_SWIFT_STANDARD_LIBRARIES = YES;
				ASSETCATALOG_COMPILER_APPICON_NAME = AppIcon;
				DEVELOPMENT_TEAM = RJ2UMUAV3A;
				INFOPLIST_FILE = messagApp/Info.plist;
				PRODUCT_BUNDLE_IDENTIFIER = com.fromjia.messagApp;
				PRODUCT_NAME = "$(TARGET_NAME)";
				SWIFT_VERSION = 3.0;
			};
			name = Release;
		};
/* End XCBuildConfiguration section */

/* Begin XCConfigurationList section */
		CE3C150C1EA2A0FB005EB78C /* Build configuration list for PBXProject "messagApp" */ = {
			isa = XCConfigurationList;
			buildConfigurations = (
				CE3C15291EA2A0FB005EB78C /* Debug */,
				CE3C152A1EA2A0FB005EB78C /* Release */,
			);
			defaultConfigurationIsVisible = 0;
			defaultConfigurationName = Release;
		};
		CE3C152B1EA2A0FB005EB78C /* Build configuration list for PBXNativeTarget "MessagesExtension" */ = {
			isa = XCConfigurationList;
			buildConfigurations = (
				CE3C152C1EA2A0FB005EB78C /* Debug */,
				CE3C152D1EA2A0FB005EB78C /* Release */,
			);
			defaultConfigurationIsVisible = 0;
		};
		CE3C152F1EA2A0FB005EB78C /* Build configuration list for PBXNativeTarget "messagApp" */ = {
			isa = XCConfigurationList;
			buildConfigurations = (
				CE3C15301EA2A0FB005EB78C /* Debug */,
				CE3C15311EA2A0FB005EB78C /* Release */,
			);
			defaultConfigurationIsVisible = 0;
		};
/* End XCConfigurationList section */
	};
	rootObject = CE3C15091EA2A0FB005EB78C /* Project object */;
}
